Microsoft Visual Studio Solution File, Format Version 12.00
# Visual Studio 2012
Project("{FAE04EC0-301F-11D3-BF4B-00C04F79EFBC}") = "River Raid", "River Raid.csproj", "{CE7DF2A6-5DEF-4B6E-8209-999EF497BE1A}"
EndProject
Global
	GlobalSection(SolutionConfigurationPlatforms) = preSolution
	Debug|Any CPU = Debug|Any CPU
	ExportDebug|Any CPU = ExportDebug|Any CPU
	ExportRelease|Any CPU = ExportRelease|Any CPU
	EndGlobalSection
	GlobalSection(ProjectConfigurationPlatforms) = postSolution
		{CE7DF2A6-5DEF-4B6E-8209-999EF497BE1A}.Debug|Any CPU.ActiveCfg = Debug|Any CPU
		{CE7DF2A6-5DEF-4B6E-8209-999EF497BE1A}.Debug|Any CPU.Build.0 = Debug|Any CPU
		{CE7DF2A6-5DEF-4B6E-8209-999EF497BE1A}.ExportDebug|Any CPU.ActiveCfg = ExportDebug|Any CPU
		{CE7DF2A6-5DEF-4B6E-8209-999EF497BE1A}.ExportDebug|Any CPU.Build.0 = ExportDebug|Any CPU
		{CE7DF2A6-5DEF-4B6E-8209-999EF497BE1A}.ExportRelease|Any CPU.ActiveCfg = ExportRelease|Any CPU
		{CE7DF2A6-5DEF-4B6E-8209-999EF497BE1A}.ExportRelease|Any CPU.Build.0 = ExportRelease|Any CPU
	EndGlobalSection
EndGlobal
